
Microsoft Visual Studio Solution File, Format Version 12.00
# Visual Studio Version 17
VisualStudioVersion = 17.11.35219.272
MinimumVisualStudioVersion = 10.0.40219.1
Project("{FAE04EC0-301F-11D3-BF4B-00C04F79EFBC}") = "AutomatizacionPruebasElectricas", "AutomatizacionPruebasElectricas.csproj", "{8719D6AD-E436-4540-8E31-9C28B305E835}"
EndProject
Global
	GlobalSection(SolutionConfigurationPlatforms) = preSolution
		Debug|Any CPU = Debug|Any CPU
		Release|Any CPU = Release|Any CPU
	EndGlobalSection
	GlobalSection(ProjectConfigurationPlatforms) = postSolution
		{8719D6AD-E436-4540-8E31-9C28B305E835}.Debug|Any CPU.ActiveCfg = Debug|Any CPU
		{8719D6AD-E436-4540-8E31-9C28B305E835}.Debug|Any CPU.Build.0 = Debug|Any CPU
		{8719D6AD-E436-4540-8E31-9C28B305E835}.Release|Any CPU.ActiveCfg = Release|Any CPU
		{8719D6AD-E436-4540-8E31-9C28B305E835}.Release|Any CPU.Build.0 = Release|Any CPU
	EndGlobalSection
	GlobalSection(SolutionProperties) = preSolution
		HideSolutionNode = FALSE
	EndGlobalSection
	GlobalSection(ExtensibilityGlobals) = postSolution
		SolutionGuid = {5B92B852-6231-4F31-88CC-A01D1976E1FD}
	EndGlobalSection
EndGlobal
